
Microsoft Visual Studio Solution File, Format Version 12.00
# Visual Studio Version 16
VisualStudioVersion = 16.0.30517.126
MinimumVisualStudioVersion = 10.0.40219.1
Project("{FAE04EC0-301F-11D3-BF4B-00C04F79EFBC}") = "Practica de Contador", "Practica de Contador\Practica de Contador.csproj", "{8015AF18-63A0-4688-B4D8-93CA0E6B8150}"
EndProject
Global
	GlobalSection(SolutionConfigurationPlatforms) = preSolution
		Debug|Any CPU = Debug|Any CPU
		Release|Any CPU = Release|Any CPU
	EndGlobalSection
	GlobalSection(ProjectConfigurationPlatforms) = postSolution
		{8015AF18-63A0-4688-B4D8-93CA0E6B8150}.Debug|Any CPU.ActiveCfg = Debug|Any CPU
		{8015AF18-63A0-4688-B4D8-93CA0E6B8150}.Debug|Any CPU.Build.0 = Debug|Any CPU
		{8015AF18-63A0-4688-B4D8-93CA0E6B8150}.Release|Any CPU.ActiveCfg = Release|Any CPU
		{8015AF18-63A0-4688-B4D8-93CA0E6B8150}.Release|Any CPU.Build.0 = Release|Any CPU
	EndGlobalSection
	GlobalSection(SolutionProperties) = preSolution
		HideSolutionNode = FALSE
	EndGlobalSection
	GlobalSection(ExtensibilityGlobals) = postSolution
		SolutionGuid = {487A56A4-CCCB-4B5F-B14A-A5F8B3A47F36}
	EndGlobalSection
EndGlobal
